
Microsoft Visual Studio Solution File, Format Version 12.00
# Visual Studio Version 17
VisualStudioVersion = 17.11.35208.52
MinimumVisualStudioVersion = 10.0.40219.1
Project("{FAE04EC0-301F-11D3-BF4B-00C04F79EFBC}") = "P1_Portfolio", "P1_Portfolio\P1_Portfolio.csproj", "{05657779-D9FD-409F-ABBE-776E05F24395}"
EndProject
Global
	GlobalSection(SolutionConfigurationPlatforms) = preSolution
		Debug|Any CPU = Debug|Any CPU
		Release|Any CPU = Release|Any CPU
	EndGlobalSection
	GlobalSection(ProjectConfigurationPlatforms) = postSolution
		{05657779-D9FD-409F-ABBE-776E05F24395}.Debug|Any CPU.ActiveCfg = Debug|Any CPU
		{05657779-D9FD-409F-ABBE-776E05F24395}.Debug|Any CPU.Build.0 = Debug|Any CPU
		{05657779-D9FD-409F-ABBE-776E05F24395}.Release|Any CPU.ActiveCfg = Release|Any CPU
		{05657779-D9FD-409F-ABBE-776E05F24395}.Release|Any CPU.Build.0 = Release|Any CPU
	EndGlobalSection
	GlobalSection(SolutionProperties) = preSolution
		HideSolutionNode = FALSE
	EndGlobalSection
	GlobalSection(ExtensibilityGlobals) = postSolution
		SolutionGuid = {EBBAF082-775C-436F-9026-5DDDAA8D86B0}
	EndGlobalSection
EndGlobal
